# THIS IS AN AUTOGENERATED FILE. DO NOT EDIT THIS FILE DIRECTLY.
# yarn lockfile v1


beautiful-mermaid@^1.1.3:
  version "1.1.3"
  resolved "https://registry.yarnpkg.com/beautiful-mermaid/-/beautiful-mermaid-1.1.3.tgz#33622aacd24f3cf37d61a1912673a4710ed90461"
  integrity sha512-TItrtrAyHp1vwFfFVYauWGrquouk/6SS21Aq3RsxindSYZODcN4xYrPZD6BiZRU+o5mKJzDPz9MUSMvELdylyg==
  dependencies:
    elkjs "^0.11.0"
    entities "^7.0.1"

elkjs@^0.11.0:
  version "0.11.1"
  resolved "https://registry.yarnpkg.com/elkjs/-/elkjs-0.11.1.tgz#d27fcdbbf5a8aeeff80420d17d1666f78cfc8544"
  integrity sha512-zxxR9k+rx5ktMwT/FwyLdPCrq7xN6e4VGGHH8hA01vVYKjTFik7nHOxBnAYtrgYUB1RpAiLvA1/U2YraWxyKKg==

entities@^7.0.1:
  version "7.0.1"
  resolved "https://registry.yarnpkg.com/entities/-/entities-7.0.1.tgz#26e8a88889db63417dcb9a1e79a3f1bc92b5976b"
  integrity sha512-TWrgLOFUQTH994YUyl1yT4uyavY5nNB5muff+RtWaqNVCAK408b5ZnnbNAUEWLTCpum9w6arT70i1XdQ4UeOPA==
